
Microsoft Visual Studio Solution File, Format Version 12.00
# Visual Studio Version 17
VisualStudioVersion = 17.4.33205.214
MinimumVisualStudioVersion = 10.0.40219.1
Project("{2150E333-8FDC-42A3-9474-1A3956D46DE8}") = "src", "src", "{D6242D2B-CAE7-49C1-A76B-95A2767FED50}"
EndProject
Project("{2150E333-8FDC-42A3-9474-1A3956D46DE8}") = "Services", "Services", "{FB1EA9B8-3A06-4AF5-B16B-4BF8DE740C0F}"
EndProject
Project("{2150E333-8FDC-42A3-9474-1A3956D46DE8}") = "BuildingBlocks", "BuildingBlocks", "{BEBB2E2A-2775-4DAE-B78A-6A57F87A87A3}"
EndProject
Project("{2150E333-8FDC-42A3-9474-1A3956D46DE8}") = "EventBus", "EventBus", "{0BBB36FB-EE71-4606-B455-8EA658F9CDC5}"
EndProject
Project("{9A19103F-16F7-4668-BE54-9A1E7A4F7556}") = "EventBusRabbitMQ", "BuildingBlocks\EventBus\EventBusRabbitMQ\EventBusRabbitMQ.csproj", "{87B4D957-3763-4BB5-AA9D-FD763E31972E}"
EndProject
Project("{2150E333-8FDC-42A3-9474-1A3956D46DE8}") = "Scraper", "Scraper", "{923A1B60-E466-451B-ACDE-5EEEC36D3B69}"
EndProject
Project("{9A19103F-16F7-4668-BE54-9A1E7A4F7556}") = "Scraper.BackgroundTasks", "Services\Scraper\Scraper.BackgroundTasks\Scraper.BackgroundTasks.csproj", "{9A8BE22D-EF3F-485E-ADDB-D8DA14DA2894}"
EndProject
Project("{9A19103F-16F7-4668-BE54-9A1E7A4F7556}") = "Scraper.Infrastructure", "Services\Scraper\Scraper.Infrastructure\Scraper.Infrastructure.csproj", "{5550E4B4-B803-40DD-8215-3C172DECBFBD}"
EndProject
Project("{9A19103F-16F7-4668-BE54-9A1E7A4F7556}") = "Scraper.Domain", "Services\Scraper\Scraper.Domain\Scraper.Domain.csproj", "{824B318D-C9D2-4BB4-BB7D-175D68D84309}"
EndProject
Project("{9A19103F-16F7-4668-BE54-9A1E7A4F7556}") = "Scraper.API", "Services\Scraper\Scraper.API\Scraper.API.csproj", "{1533168C-0114-41B2-9B16-D3DFF372FD93}"
EndProject
Project("{9A19103F-16F7-4668-BE54-9A1E7A4F7556}") = "EventBus", "BuildingBlocks\EventBus\EventBus\EventBus.csproj", "{AA19648B-7A5D-4C00-9D02-9B579EB1DCE9}"
EndProject
Project("{2150E333-8FDC-42A3-9474-1A3956D46DE8}") = "Tests", "Tests", "{976638EE-E3E1-429B-B222-F99ECBB9B6D4}"
EndProject
Project("{9A19103F-16F7-4668-BE54-9A1E7A4F7556}") = "Scraper.UnitTests", "Services\Scraper\Tests\Scraper.UnitTests\Scraper.UnitTests.csproj", "{1000190F-9E4C-49DC-A754-D79CF4EC8709}"
EndProject
Project("{9A19103F-16F7-4668-BE54-9A1E7A4F7556}") = "Essentials", "BuildingBlocks\Essentials\Essentials.csproj", "{DFA9060C-6BF5-40B0-8574-59CE6C268EF5}"
EndProject
Project("{2150E333-8FDC-42A3-9474-1A3956D46DE8}") = "Tests", "Tests", "{600740C0-A165-480A-A68A-F4B11EB09AE9}"
EndProject
Project("{FAE04EC0-301F-11D3-BF4B-00C04F79EFBC}") = "Essentials.UnitTests", "BuildingBlocks\Tests\Essentials.UnitTests\Essentials.UnitTests.csproj", "{0C180ECA-A497-4396-A2D8-508F36723BC3}"
EndProject
Global
	GlobalSection(SolutionConfigurationPlatforms) = preSolution
		Debug|Any CPU = Debug|Any CPU
		Release|Any CPU = Release|Any CPU
	EndGlobalSection
	GlobalSection(ProjectConfigurationPlatforms) = postSolution
		{87B4D957-3763-4BB5-AA9D-FD763E31972E}.Debug|Any CPU.ActiveCfg = Debug|Any CPU
		{87B4D957-3763-4BB5-AA9D-FD763E31972E}.Debug|Any CPU.Build.0 = Debug|Any CPU
		{87B4D957-3763-4BB5-AA9D-FD763E31972E}.Release|Any CPU.ActiveCfg = Release|Any CPU
		{87B4D957-3763-4BB5-AA9D-FD763E31972E}.Release|Any CPU.Build.0 = Release|Any CPU
		{9A8BE22D-EF3F-485E-ADDB-D8DA14DA2894}.Debug|Any CPU.ActiveCfg = Debug|Any CPU
		{9A8BE22D-EF3F-485E-ADDB-D8DA14DA2894}.Debug|Any CPU.Build.0 = Debug|Any CPU
		{9A8BE22D-EF3F-485E-ADDB-D8DA14DA2894}.Release|Any CPU.ActiveCfg = Release|Any CPU
		{9A8BE22D-EF3F-485E-ADDB-D8DA14DA2894}.Release|Any CPU.Build.0 = Release|Any CPU
		{5550E4B4-B803-40DD-8215-3C172DECBFBD}.Debug|Any CPU.ActiveCfg = Debug|Any CPU
		{5550E4B4-B803-40DD-8215-3C172DECBFBD}.Debug|Any CPU.Build.0 = Debug|Any CPU
		{5550E4B4-B803-40DD-8215-3C172DECBFBD}.Release|Any CPU.ActiveCfg = Release|Any CPU
		{5550E4B4-B803-40DD-8215-3C172DECBFBD}.Release|Any CPU.Build.0 = Release|Any CPU
		{824B318D-C9D2-4BB4-BB7D-175D68D84309}.Debug|Any CPU.ActiveCfg = Debug|Any CPU
		{824B318D-C9D2-4BB4-BB7D-175D68D84309}.Debug|Any CPU.Build.0 = Debug|Any CPU
		{824B318D-C9D2-4BB4-BB7D-175D68D84309}.Release|Any CPU.ActiveCfg = Release|Any CPU
		{824B318D-C9D2-4BB4-BB7D-175D68D84309}.Release|Any CPU.Build.0 = Release|Any CPU
		{1533168C-0114-41B2-9B16-D3DFF372FD93}.Debug|Any CPU.ActiveCfg = Debug|Any CPU
		{1533168C-0114-41B2-9B16-D3DFF372FD93}.Debug|Any CPU.Build.0 = Debug|Any CPU
		{1533168C-0114-41B2-9B16-D3DFF372FD93}.Release|Any CPU.ActiveCfg = Release|Any CPU
		{1533168C-0114-41B2-9B16-D3DFF372FD93}.Release|Any CPU.Build.0 = Release|Any CPU
		{AA19648B-7A5D-4C00-9D02-9B579EB1DCE9}.Debug|Any CPU.ActiveCfg = Debug|Any CPU
		{AA19648B-7A5D-4C00-9D02-9B579EB1DCE9}.Debug|Any CPU.Build.0 = Debug|Any CPU
		{AA19648B-7A5D-4C00-9D02-9B579EB1DCE9}.Release|Any CPU.ActiveCfg = Release|Any CPU
		{AA19648B-7A5D-4C00-9D02-9B579EB1DCE9}.Release|Any CPU.Build.0 = Release|Any CPU
		{1000190F-9E4C-49DC-A754-D79CF4EC8709}.Debug|Any CPU.ActiveCfg = Debug|Any CPU
		{1000190F-9E4C-49DC-A754-D79CF4EC8709}.Debug|Any CPU.Build.0 = Debug|Any CPU
		{1000190F-9E4C-49DC-A754-D79CF4EC8709}.Release|Any CPU.ActiveCfg = Release|Any CPU
		{1000190F-9E4C-49DC-A754-D79CF4EC8709}.Release|Any CPU.Build.0 = Release|Any CPU
		{DFA9060C-6BF5-40B0-8574-59CE6C268EF5}.Debug|Any CPU.ActiveCfg = Debug|Any CPU
		{DFA9060C-6BF5-40B0-8574-59CE6C268EF5}.Debug|Any CPU.Build.0 = Debug|Any CPU
		{DFA9060C-6BF5-40B0-8574-59CE6C268EF5}.Release|Any CPU.ActiveCfg = Release|Any CPU
		{DFA9060C-6BF5-40B0-8574-59CE6C268EF5}.Release|Any CPU.Build.0 = Release|Any CPU
		{0C180ECA-A497-4396-A2D8-508F36723BC3}.Debug|Any CPU.ActiveCfg = Debug|Any CPU
		{0C180ECA-A497-4396-A2D8-508F36723BC3}.Debug|Any CPU.Build.0 = Debug|Any CPU
		{0C180ECA-A497-4396-A2D8-508F36723BC3}.Release|Any CPU.ActiveCfg = Release|Any CPU
		{0C180ECA-A497-4396-A2D8-508F36723BC3}.Release|Any CPU.Build.0 = Release|Any CPU
	EndGlobalSection
	GlobalSection(SolutionProperties) = preSolution
		HideSolutionNode = FALSE
	EndGlobalSection
	GlobalSection(NestedProjects) = preSolution
		{FB1EA9B8-3A06-4AF5-B16B-4BF8DE740C0F} = {D6242D2B-CAE7-49C1-A76B-95A2767FED50}
		{BEBB2E2A-2775-4DAE-B78A-6A57F87A87A3} = {D6242D2B-CAE7-49C1-A76B-95A2767FED50}
		{0BBB36FB-EE71-4606-B455-8EA658F9CDC5} = {BEBB2E2A-2775-4DAE-B78A-6A57F87A87A3}
		{87B4D957-3763-4BB5-AA9D-FD763E31972E} = {0BBB36FB-EE71-4606-B455-8EA658F9CDC5}
		{923A1B60-E466-451B-ACDE-5EEEC36D3B69} = {FB1EA9B8-3A06-4AF5-B16B-4BF8DE740C0F}
		{9A8BE22D-EF3F-485E-ADDB-D8DA14DA2894} = {923A1B60-E466-451B-ACDE-5EEEC36D3B69}
		{5550E4B4-B803-40DD-8215-3C172DECBFBD} = {923A1B60-E466-451B-ACDE-5EEEC36D3B69}
		{824B318D-C9D2-4BB4-BB7D-175D68D84309} = {923A1B60-E466-451B-ACDE-5EEEC36D3B69}
		{1533168C-0114-41B2-9B16-D3DFF372FD93} = {923A1B60-E466-451B-ACDE-5EEEC36D3B69}
		{AA19648B-7A5D-4C00-9D02-9B579EB1DCE9} = {0BBB36FB-EE71-4606-B455-8EA658F9CDC5}
		{976638EE-E3E1-429B-B222-F99ECBB9B6D4} = {923A1B60-E466-451B-ACDE-5EEEC36D3B69}
		{1000190F-9E4C-49DC-A754-D79CF4EC8709} = {976638EE-E3E1-429B-B222-F99ECBB9B6D4}
		{DFA9060C-6BF5-40B0-8574-59CE6C268EF5} = {BEBB2E2A-2775-4DAE-B78A-6A57F87A87A3}
		{600740C0-A165-480A-A68A-F4B11EB09AE9} = {BEBB2E2A-2775-4DAE-B78A-6A57F87A87A3}
		{0C180ECA-A497-4396-A2D8-508F36723BC3} = {600740C0-A165-480A-A68A-F4B11EB09AE9}
	EndGlobalSection
	GlobalSection(ExtensibilityGlobals) = postSolution
		SolutionGuid = {66ACE02A-08AC-4553-AB19-E3CB2C110226}
	EndGlobalSection
EndGlobal
